
Microsoft Visual Studio Solution File, Format Version 9.00
# Visual Studio 2005
Project("{FAE04EC0-301F-11D3-BF4B-00C04F79EFBC}") = "ADOTest", "ADOTest\ADOTest.csproj", "{C8D7EC86-D899-401A-8DCA-03EF1280EA65}"
EndProject
Global
	GlobalSection(SolutionConfigurationPlatforms) = preSolution
		Debug|Any CPU = Debug|Any CPU
		Release|Any CPU = Release|Any CPU
	EndGlobalSection
	GlobalSection(ProjectConfigurationPlatforms) = postSolution
		{C8D7EC86-D899-401A-8DCA-03EF1280EA65}.Debug|Any CPU.ActiveCfg = Debug|Any CPU
		{C8D7EC86-D899-401A-8DCA-03EF1280EA65}.Debug|Any CPU.Build.0 = Debug|Any CPU
		{C8D7EC86-D899-401A-8DCA-03EF1280EA65}.Release|Any CPU.ActiveCfg = Release|Any CPU
		{C8D7EC86-D899-401A-8DCA-03EF1280EA65}.Release|Any CPU.Build.0 = Release|Any CPU
	EndGlobalSection
	GlobalSection(SolutionProperties) = preSolution
		HideSolutionNode = FALSE
	EndGlobalSection
EndGlobal
